
Microsoft Visual Studio Solution File, Format Version 12.00
# Visual Studio Version 16
VisualStudioVersion = 16.0.31129.286
MinimumVisualStudioVersion = 10.0.40219.1
Project("{FAE04EC0-301F-11D3-BF4B-00C04F79EFBC}") = "RazorPageCrud", "RazorPageCrud\RazorPageCrud.csproj", "{A1B54B7B-5670-47EC-B2D2-EE3E39BDEFC3}"
EndProject
Global
	GlobalSection(SolutionConfigurationPlatforms) = preSolution
		Debug|Any CPU = Debug|Any CPU
		Release|Any CPU = Release|Any CPU
	EndGlobalSection
	GlobalSection(ProjectConfigurationPlatforms) = postSolution
		{A1B54B7B-5670-47EC-B2D2-EE3E39BDEFC3}.Debug|Any CPU.ActiveCfg = Debug|Any CPU
		{A1B54B7B-5670-47EC-B2D2-EE3E39BDEFC3}.Debug|Any CPU.Build.0 = Debug|Any CPU
		{A1B54B7B-5670-47EC-B2D2-EE3E39BDEFC3}.Release|Any CPU.ActiveCfg = Release|Any CPU
		{A1B54B7B-5670-47EC-B2D2-EE3E39BDEFC3}.Release|Any CPU.Build.0 = Release|Any CPU
	EndGlobalSection
	GlobalSection(SolutionProperties) = preSolution
		HideSolutionNode = FALSE
	EndGlobalSection
	GlobalSection(ExtensibilityGlobals) = postSolution
		SolutionGuid = {C015A4D4-2ABA-4A45-97A5-99398BE68128}
	EndGlobalSection
EndGlobal
